
Microsoft Visual Studio Solution File, Format Version 12.00
# Visual Studio Version 17
VisualStudioVersion = 17.4.33213.308
MinimumVisualStudioVersion = 10.0.40219.1
Project("{9A19103F-16F7-4668-BE54-9A1E7A4F7556}") = "Gateway.API", "Gateway.API\Gateway.API.csproj", "{7735AB2B-849B-49BC-803A-213E269A4A71}"
EndProject
Project("{9A19103F-16F7-4668-BE54-9A1E7A4F7556}") = "Auth.API", "Auth.API\Auth.API.csproj", "{AC852D8F-6493-46C2-807B-6A86344B835F}"
EndProject
Project("{2150E333-8FDC-42A3-9474-1A3956D46DE8}") = "Services", "Services", "{CACFA276-AEF6-40CB-978C-D5BCBA25E58F}"
EndProject
Project("{9A19103F-16F7-4668-BE54-9A1E7A4F7556}") = "Payment.API", "Payment.API\Payment.API.csproj", "{4D428986-4321-490D-BF81-496FA7152A8B}"
EndProject
Project("{D954291E-2A0B-460D-934E-DC6B0785DB48}") = "Shared", "Shared\Shared.shproj", "{D221A59A-F0F2-4664-9693-D6B08BD9340E}"
EndProject
Project("{9A19103F-16F7-4668-BE54-9A1E7A4F7556}") = "Administration.API", "Administration.API\Administration.API.csproj", "{29C1D8A9-F4A6-4F88-B528-E88493327035}"
EndProject
Project("{9A19103F-16F7-4668-BE54-9A1E7A4F7556}") = "Person.API", "Person.API\Person.API.csproj", "{082362E6-E92C-42C9-B5D4-8FFA47EB4FE5}"
EndProject
Project("{9A19103F-16F7-4668-BE54-9A1E7A4F7556}") = "Lease.API", "Lease.API\Lease.API.csproj", "{20EE47E2-6B54-4121-BE3C-38B6BAD830C8}"
EndProject
Project("{9A19103F-16F7-4668-BE54-9A1E7A4F7556}") = "Landlot.API", "Landlot.API\Landlot.API.csproj", "{0E2A3923-F44B-4FD0-A322-A953D369FE34}"
EndProject
Project("{9A19103F-16F7-4668-BE54-9A1E7A4F7556}") = "Complaint.API", "Complaint.API\Complaint.API.csproj", "{44A240B4-AA43-4BE5-A2D8-B205E52ADDCF}"
EndProject
Project("{9A19103F-16F7-4668-BE54-9A1E7A4F7556}") = "Preparation.API", "Preparation.API\Preparation.API.csproj", "{89E5DD1B-7BB6-4C80-957E-2E3A06BBD207}"
EndProject
Project("{FAE04EC0-301F-11D3-BF4B-00C04F79EFBC}") = "Bidding.API", "Bidding.API\Bidding.API.csproj", "{34C47DB4-F58D-43B7-9AF5-2DA55451EB63}"
EndProject
Global
	GlobalSection(SolutionConfigurationPlatforms) = preSolution
		Debug|Any CPU = Debug|Any CPU
		Release|Any CPU = Release|Any CPU
	EndGlobalSection
	GlobalSection(ProjectConfigurationPlatforms) = postSolution
		{7735AB2B-849B-49BC-803A-213E269A4A71}.Debug|Any CPU.ActiveCfg = Debug|Any CPU
		{7735AB2B-849B-49BC-803A-213E269A4A71}.Debug|Any CPU.Build.0 = Debug|Any CPU
		{7735AB2B-849B-49BC-803A-213E269A4A71}.Release|Any CPU.ActiveCfg = Release|Any CPU
		{7735AB2B-849B-49BC-803A-213E269A4A71}.Release|Any CPU.Build.0 = Release|Any CPU
		{AC852D8F-6493-46C2-807B-6A86344B835F}.Debug|Any CPU.ActiveCfg = Debug|Any CPU
		{AC852D8F-6493-46C2-807B-6A86344B835F}.Debug|Any CPU.Build.0 = Debug|Any CPU
		{AC852D8F-6493-46C2-807B-6A86344B835F}.Release|Any CPU.ActiveCfg = Release|Any CPU
		{AC852D8F-6493-46C2-807B-6A86344B835F}.Release|Any CPU.Build.0 = Release|Any CPU
		{4D428986-4321-490D-BF81-496FA7152A8B}.Debug|Any CPU.ActiveCfg = Debug|Any CPU
		{4D428986-4321-490D-BF81-496FA7152A8B}.Debug|Any CPU.Build.0 = Debug|Any CPU
		{4D428986-4321-490D-BF81-496FA7152A8B}.Release|Any CPU.ActiveCfg = Release|Any CPU
		{4D428986-4321-490D-BF81-496FA7152A8B}.Release|Any CPU.Build.0 = Release|Any CPU
		{29C1D8A9-F4A6-4F88-B528-E88493327035}.Debug|Any CPU.ActiveCfg = Debug|Any CPU
		{29C1D8A9-F4A6-4F88-B528-E88493327035}.Debug|Any CPU.Build.0 = Debug|Any CPU
		{29C1D8A9-F4A6-4F88-B528-E88493327035}.Release|Any CPU.ActiveCfg = Release|Any CPU
		{29C1D8A9-F4A6-4F88-B528-E88493327035}.Release|Any CPU.Build.0 = Release|Any CPU
		{082362E6-E92C-42C9-B5D4-8FFA47EB4FE5}.Debug|Any CPU.ActiveCfg = Debug|Any CPU
		{082362E6-E92C-42C9-B5D4-8FFA47EB4FE5}.Debug|Any CPU.Build.0 = Debug|Any CPU
		{082362E6-E92C-42C9-B5D4-8FFA47EB4FE5}.Release|Any CPU.ActiveCfg = Release|Any CPU
		{082362E6-E92C-42C9-B5D4-8FFA47EB4FE5}.Release|Any CPU.Build.0 = Release|Any CPU
		{20EE47E2-6B54-4121-BE3C-38B6BAD830C8}.Debug|Any CPU.ActiveCfg = Debug|Any CPU
		{20EE47E2-6B54-4121-BE3C-38B6BAD830C8}.Debug|Any CPU.Build.0 = Debug|Any CPU
		{20EE47E2-6B54-4121-BE3C-38B6BAD830C8}.Release|Any CPU.ActiveCfg = Release|Any CPU
		{20EE47E2-6B54-4121-BE3C-38B6BAD830C8}.Release|Any CPU.Build.0 = Release|Any CPU
		{0E2A3923-F44B-4FD0-A322-A953D369FE34}.Debug|Any CPU.ActiveCfg = Debug|Any CPU
		{0E2A3923-F44B-4FD0-A322-A953D369FE34}.Debug|Any CPU.Build.0 = Debug|Any CPU
		{0E2A3923-F44B-4FD0-A322-A953D369FE34}.Release|Any CPU.ActiveCfg = Release|Any CPU
		{0E2A3923-F44B-4FD0-A322-A953D369FE34}.Release|Any CPU.Build.0 = Release|Any CPU
		{44A240B4-AA43-4BE5-A2D8-B205E52ADDCF}.Debug|Any CPU.ActiveCfg = Debug|Any CPU
		{44A240B4-AA43-4BE5-A2D8-B205E52ADDCF}.Debug|Any CPU.Build.0 = Debug|Any CPU
		{44A240B4-AA43-4BE5-A2D8-B205E52ADDCF}.Release|Any CPU.ActiveCfg = Release|Any CPU
		{44A240B4-AA43-4BE5-A2D8-B205E52ADDCF}.Release|Any CPU.Build.0 = Release|Any CPU
		{89E5DD1B-7BB6-4C80-957E-2E3A06BBD207}.Debug|Any CPU.ActiveCfg = Debug|Any CPU
		{89E5DD1B-7BB6-4C80-957E-2E3A06BBD207}.Debug|Any CPU.Build.0 = Debug|Any CPU
		{89E5DD1B-7BB6-4C80-957E-2E3A06BBD207}.Release|Any CPU.ActiveCfg = Release|Any CPU
		{89E5DD1B-7BB6-4C80-957E-2E3A06BBD207}.Release|Any CPU.Build.0 = Release|Any CPU
		{34C47DB4-F58D-43B7-9AF5-2DA55451EB63}.Debug|Any CPU.ActiveCfg = Debug|Any CPU
		{34C47DB4-F58D-43B7-9AF5-2DA55451EB63}.Debug|Any CPU.Build.0 = Debug|Any CPU
		{34C47DB4-F58D-43B7-9AF5-2DA55451EB63}.Release|Any CPU.ActiveCfg = Release|Any CPU
		{34C47DB4-F58D-43B7-9AF5-2DA55451EB63}.Release|Any CPU.Build.0 = Release|Any CPU
	EndGlobalSection
	GlobalSection(SolutionProperties) = preSolution
		HideSolutionNode = FALSE
	EndGlobalSection
	GlobalSection(NestedProjects) = preSolution
		{7735AB2B-849B-49BC-803A-213E269A4A71} = {CACFA276-AEF6-40CB-978C-D5BCBA25E58F}
		{AC852D8F-6493-46C2-807B-6A86344B835F} = {CACFA276-AEF6-40CB-978C-D5BCBA25E58F}
		{4D428986-4321-490D-BF81-496FA7152A8B} = {CACFA276-AEF6-40CB-978C-D5BCBA25E58F}
		{29C1D8A9-F4A6-4F88-B528-E88493327035} = {CACFA276-AEF6-40CB-978C-D5BCBA25E58F}
		{082362E6-E92C-42C9-B5D4-8FFA47EB4FE5} = {CACFA276-AEF6-40CB-978C-D5BCBA25E58F}
		{20EE47E2-6B54-4121-BE3C-38B6BAD830C8} = {CACFA276-AEF6-40CB-978C-D5BCBA25E58F}
		{0E2A3923-F44B-4FD0-A322-A953D369FE34} = {CACFA276-AEF6-40CB-978C-D5BCBA25E58F}
		{44A240B4-AA43-4BE5-A2D8-B205E52ADDCF} = {CACFA276-AEF6-40CB-978C-D5BCBA25E58F}
		{89E5DD1B-7BB6-4C80-957E-2E3A06BBD207} = {CACFA276-AEF6-40CB-978C-D5BCBA25E58F}
		{34C47DB4-F58D-43B7-9AF5-2DA55451EB63} = {CACFA276-AEF6-40CB-978C-D5BCBA25E58F}
	EndGlobalSection
	GlobalSection(ExtensibilityGlobals) = postSolution
		SolutionGuid = {A21EF37D-1528-4E6A-9C69-991567DD78D9}
	EndGlobalSection
	GlobalSection(SharedMSBuildProjectFiles) = preSolution
		Shared\Shared.projitems*{4d428986-4321-490d-bf81-496fa7152a8b}*SharedItemsImports = 5
		Shared\Shared.projitems*{d221a59a-f0f2-4664-9693-d6b08bd9340e}*SharedItemsImports = 13
	EndGlobalSection
EndGlobal
